
Microsoft Visual Studio Solution File, Format Version 12.00
# Visual Studio Version 17
VisualStudioVersion = 17.0.32112.339
MinimumVisualStudioVersion = 10.0.40219.1
Project("{F184B08F-C81C-45F6-A57F-5ABD9991F28F}") = "Pukul TIkus", "Pukul TIkus\Pukul TIkus.vbproj", "{24E56D84-071E-4678-B914-BB2C62FBDC22}"
EndProject
Global
	GlobalSection(SolutionConfigurationPlatforms) = preSolution
		Debug|Any CPU = Debug|Any CPU
		Release|Any CPU = Release|Any CPU
	EndGlobalSection
	GlobalSection(ProjectConfigurationPlatforms) = postSolution
		{24E56D84-071E-4678-B914-BB2C62FBDC22}.Debug|Any CPU.ActiveCfg = Debug|Any CPU
		{24E56D84-071E-4678-B914-BB2C62FBDC22}.Debug|Any CPU.Build.0 = Debug|Any CPU
		{24E56D84-071E-4678-B914-BB2C62FBDC22}.Release|Any CPU.ActiveCfg = Release|Any CPU
		{24E56D84-071E-4678-B914-BB2C62FBDC22}.Release|Any CPU.Build.0 = Release|Any CPU
	EndGlobalSection
	GlobalSection(SolutionProperties) = preSolution
		HideSolutionNode = FALSE
	EndGlobalSection
	GlobalSection(ExtensibilityGlobals) = postSolution
		SolutionGuid = {2A520783-E492-4449-BD7A-427696CE2DAB}
	EndGlobalSection
EndGlobal
